{
  "name": "3dviewerforkiln",
  "version": "1.0.0",
  "lockfileVersion": 3,
  "requires": true,
  "packages": {
    "": {
      "name": "3dviewerforkiln",
      "version": "1.0.0",
      "license": "ISC",
      "dependencies": {
        "babylonjs": "^7.47.2"
      },
      "devDependencies": {
        "@babylonjs/core": "^7.45.0"
      }
    },
    "node_modules/@babylonjs/core": {
      "version": "7.45.0",
      "resolved": "https://registry.npmjs.org/@babylonjs/core/-/core-7.45.0.tgz",
      "integrity": "sha512-p5/7JEFPAhX8DFCpYor+N7S6pW8zjXELUGgjNnsu8DOvEKJ/G2LN3JDi/yvu1U/JUlXUVNZ9ul5q92uw5mLAtA==",
      "dev": true,
      "license": "Apache-2.0"
    },
    "node_modules/babylonjs": {
      "version": "7.47.2",
      "resolved": "https://registry.npmjs.org/babylonjs/-/babylonjs-7.47.2.tgz",
      "integrity": "sha512-H3jtIYUP7D3GFQiA5m8CaElH9HBJBMLLwMFfyP1eGaUAEm9fZ3XWBJkOXoQ39yGid0iFhscfcNeKAPpWFXL6nQ==",
      "hasInstallScript": true,
      "license": "Apache-2.0"
    }
  }
}
